
Microsoft Visual Studio Solution File, Format Version 12.00
# Visual Studio 14
VisualStudioVersion = 14.0.25420.1
MinimumVisualStudioVersion = 10.0.40219.1
Project("{2150E333-8FDC-42A3-9474-1A3956D46DE8}") = "Colecciones01", "Colecciones01", "{799A631C-C6DB-4E61-A579-19AC9964A6BE}"
EndProject
Project("{FAE04EC0-301F-11D3-BF4B-00C04F79EFBC}") = "BitArray", "BitArray\BitArray.csproj", "{7FD9DE67-E88E-4333-8985-AA4EEEE39809}"
EndProject
Project("{FAE04EC0-301F-11D3-BF4B-00C04F79EFBC}") = "ArrayList", "ArrayList\ArrayList.csproj", "{CDC2CB8E-A029-4993-AC90-00394C65F59B}"
EndProject
Project("{FAE04EC0-301F-11D3-BF4B-00C04F79EFBC}") = "HashTable", "HashTable\HashTable.csproj", "{1B661A8C-7BCF-4B8D-BF36-524D8B2C7EF2}"
EndProject
Project("{FAE04EC0-301F-11D3-BF4B-00C04F79EFBC}") = "Queue", "Queue\Queue.csproj", "{0A4AAB20-7430-496D-A3CC-5CEB3EA63335}"
EndProject
Project("{FAE04EC0-301F-11D3-BF4B-00C04F79EFBC}") = "SortedList", "SortedList\SortedList.csproj", "{76A11514-FC5B-4CBC-923C-E47F4DD73E72}"
EndProject
Project("{FAE04EC0-301F-11D3-BF4B-00C04F79EFBC}") = "Stack", "Stack\Stack.csproj", "{2BF2B3F0-AEBF-4C7B-B343-9DC992925DA9}"
EndProject
Project("{2150E333-8FDC-42A3-9474-1A3956D46DE8}") = "Colecciones02", "Colecciones02", "{9238BCB1-CE50-4518-8022-5AB833CC3009}"
EndProject
Project("{FAE04EC0-301F-11D3-BF4B-00C04F79EFBC}") = "Genericas1", "Genericas1\Genericas1.csproj", "{8D0AB82C-0EBB-4716-A97B-AA508261944A}"
EndProject
Project("{FAE04EC0-301F-11D3-BF4B-00C04F79EFBC}") = "ListGenerica", "ListGenerica\ListGenerica.csproj", "{9EE22F74-23A0-4B07-852D-2DDC44451C06}"
EndProject
Project("{2150E333-8FDC-42A3-9474-1A3956D46DE8}") = "colecciones03", "colecciones03", "{38DD37F8-4867-439B-960B-F4C342BDC428}"
EndProject
Project("{FAE04EC0-301F-11D3-BF4B-00C04F79EFBC}") = "ListGenerica2", "ListGenerica2\ListGenerica2.csproj", "{EC5B98DC-68B7-4458-8346-550B57D707A6}"
EndProject
Global
	GlobalSection(SolutionConfigurationPlatforms) = preSolution
		Debug|Any CPU = Debug|Any CPU
		Release|Any CPU = Release|Any CPU
	EndGlobalSection
	GlobalSection(ProjectConfigurationPlatforms) = postSolution
		{7FD9DE67-E88E-4333-8985-AA4EEEE39809}.Debug|Any CPU.ActiveCfg = Debug|Any CPU
		{7FD9DE67-E88E-4333-8985-AA4EEEE39809}.Debug|Any CPU.Build.0 = Debug|Any CPU
		{7FD9DE67-E88E-4333-8985-AA4EEEE39809}.Release|Any CPU.ActiveCfg = Release|Any CPU
		{7FD9DE67-E88E-4333-8985-AA4EEEE39809}.Release|Any CPU.Build.0 = Release|Any CPU
		{CDC2CB8E-A029-4993-AC90-00394C65F59B}.Debug|Any CPU.ActiveCfg = Debug|Any CPU
		{CDC2CB8E-A029-4993-AC90-00394C65F59B}.Debug|Any CPU.Build.0 = Debug|Any CPU
		{CDC2CB8E-A029-4993-AC90-00394C65F59B}.Release|Any CPU.ActiveCfg = Release|Any CPU
		{CDC2CB8E-A029-4993-AC90-00394C65F59B}.Release|Any CPU.Build.0 = Release|Any CPU
		{1B661A8C-7BCF-4B8D-BF36-524D8B2C7EF2}.Debug|Any CPU.ActiveCfg = Debug|Any CPU
		{1B661A8C-7BCF-4B8D-BF36-524D8B2C7EF2}.Debug|Any CPU.Build.0 = Debug|Any CPU
		{1B661A8C-7BCF-4B8D-BF36-524D8B2C7EF2}.Release|Any CPU.ActiveCfg = Release|Any CPU
		{1B661A8C-7BCF-4B8D-BF36-524D8B2C7EF2}.Release|Any CPU.Build.0 = Release|Any CPU
		{0A4AAB20-7430-496D-A3CC-5CEB3EA63335}.Debug|Any CPU.ActiveCfg = Debug|Any CPU
		{0A4AAB20-7430-496D-A3CC-5CEB3EA63335}.Debug|Any CPU.Build.0 = Debug|Any CPU
		{0A4AAB20-7430-496D-A3CC-5CEB3EA63335}.Release|Any CPU.ActiveCfg = Release|Any CPU
		{0A4AAB20-7430-496D-A3CC-5CEB3EA63335}.Release|Any CPU.Build.0 = Release|Any CPU
		{76A11514-FC5B-4CBC-923C-E47F4DD73E72}.Debug|Any CPU.ActiveCfg = Debug|Any CPU
		{76A11514-FC5B-4CBC-923C-E47F4DD73E72}.Debug|Any CPU.Build.0 = Debug|Any CPU
		{76A11514-FC5B-4CBC-923C-E47F4DD73E72}.Release|Any CPU.ActiveCfg = Release|Any CPU
		{76A11514-FC5B-4CBC-923C-E47F4DD73E72}.Release|Any CPU.Build.0 = Release|Any CPU
		{2BF2B3F0-AEBF-4C7B-B343-9DC992925DA9}.Debug|Any CPU.ActiveCfg = Debug|Any CPU
		{2BF2B3F0-AEBF-4C7B-B343-9DC992925DA9}.Debug|Any CPU.Build.0 = Debug|Any CPU
		{2BF2B3F0-AEBF-4C7B-B343-9DC992925DA9}.Release|Any CPU.ActiveCfg = Release|Any CPU
		{2BF2B3F0-AEBF-4C7B-B343-9DC992925DA9}.Release|Any CPU.Build.0 = Release|Any CPU
		{8D0AB82C-0EBB-4716-A97B-AA508261944A}.Debug|Any CPU.ActiveCfg = Debug|Any CPU
		{8D0AB82C-0EBB-4716-A97B-AA508261944A}.Debug|Any CPU.Build.0 = Debug|Any CPU
		{8D0AB82C-0EBB-4716-A97B-AA508261944A}.Release|Any CPU.ActiveCfg = Release|Any CPU
		{8D0AB82C-0EBB-4716-A97B-AA508261944A}.Release|Any CPU.Build.0 = Release|Any CPU
		{9EE22F74-23A0-4B07-852D-2DDC44451C06}.Debug|Any CPU.ActiveCfg = Debug|Any CPU
		{9EE22F74-23A0-4B07-852D-2DDC44451C06}.Debug|Any CPU.Build.0 = Debug|Any CPU
		{9EE22F74-23A0-4B07-852D-2DDC44451C06}.Release|Any CPU.ActiveCfg = Release|Any CPU
		{9EE22F74-23A0-4B07-852D-2DDC44451C06}.Release|Any CPU.Build.0 = Release|Any CPU
		{EC5B98DC-68B7-4458-8346-550B57D707A6}.Debug|Any CPU.ActiveCfg = Debug|Any CPU
		{EC5B98DC-68B7-4458-8346-550B57D707A6}.Debug|Any CPU.Build.0 = Debug|Any CPU
		{EC5B98DC-68B7-4458-8346-550B57D707A6}.Release|Any CPU.ActiveCfg = Release|Any CPU
		{EC5B98DC-68B7-4458-8346-550B57D707A6}.Release|Any CPU.Build.0 = Release|Any CPU
	EndGlobalSection
	GlobalSection(SolutionProperties) = preSolution
		HideSolutionNode = FALSE
	EndGlobalSection
	GlobalSection(NestedProjects) = preSolution
		{7FD9DE67-E88E-4333-8985-AA4EEEE39809} = {799A631C-C6DB-4E61-A579-19AC9964A6BE}
		{CDC2CB8E-A029-4993-AC90-00394C65F59B} = {799A631C-C6DB-4E61-A579-19AC9964A6BE}
		{1B661A8C-7BCF-4B8D-BF36-524D8B2C7EF2} = {799A631C-C6DB-4E61-A579-19AC9964A6BE}
		{0A4AAB20-7430-496D-A3CC-5CEB3EA63335} = {799A631C-C6DB-4E61-A579-19AC9964A6BE}
		{76A11514-FC5B-4CBC-923C-E47F4DD73E72} = {799A631C-C6DB-4E61-A579-19AC9964A6BE}
		{2BF2B3F0-AEBF-4C7B-B343-9DC992925DA9} = {799A631C-C6DB-4E61-A579-19AC9964A6BE}
		{8D0AB82C-0EBB-4716-A97B-AA508261944A} = {9238BCB1-CE50-4518-8022-5AB833CC3009}
		{9EE22F74-23A0-4B07-852D-2DDC44451C06} = {9238BCB1-CE50-4518-8022-5AB833CC3009}
		{EC5B98DC-68B7-4458-8346-550B57D707A6} = {38DD37F8-4867-439B-960B-F4C342BDC428}
	EndGlobalSection
EndGlobal
