
Microsoft Visual Studio Solution File, Format Version 12.00
# Visual Studio 14
VisualStudioVersion = 14.0.25420.1
MinimumVisualStudioVersion = 10.0.40219.1
Project("{2150E333-8FDC-42A3-9474-1A3956D46DE8}") = "Colecciones01", "Colecciones01", "{799A631C-C6DB-4E61-A579-19AC9964A6BE}"
EndProject
Project("{FAE04EC0-301F-11D3-BF4B-00C04F79EFBC}") = "BitArray", "BitArray\BitArray.csproj", "{7FD9DE67-E88E-4333-8985-AA4EEEE39809}"
EndProject
Project("{FAE04EC0-301F-11D3-BF4B-00C04F79EFBC}") = "ArrayList", "ArrayList\ArrayList.csproj", "{CDC2CB8E-A029-4993-AC90-00394C65F59B}"
EndProject
Project("{FAE04EC0-301F-11D3-BF4B-00C04F79EFBC}") = "HashTable", "HashTable\HashTable.csproj", "{1B661A8C-7BCF-4B8D-BF36-524D8B2C7EF2}"
EndProject
Project("{FAE04EC0-301F-11D3-BF4B-00C04F79EFBC}") = "Queue", "Queue\Queue.csproj", "{0A4AAB20-7430-496D-A3CC-5CEB3EA63335}"
EndProject
Project("{FAE04EC0-301F-11D3-BF4B-00C04F79EFBC}") = "SortedList", "SortedList\SortedList.csproj", "{76A11514-FC5B-4CBC-923C-E47F4DD73E72}"
EndProject
Project("{FAE04EC0-301F-11D3-BF4B-00C04F79EFBC}") = "Stack", "Stack\Stack.csproj", "{2BF2B3F0-AEBF-4C7B-B343-9DC992925DA9}"
EndProject
Project("{2150E333-8FDC-42A3-9474-1A3956D46DE8}") = "Colecciones02", "Colecciones02", "{9238BCB1-CE50-4518-8022-5AB833CC3009}"
EndProject
Project("{FAE04EC0-301F-11D3-BF4B-00C04F79EFBC}") = "Genericas1", "Genericas1\Genericas1.csproj", "{8D0AB82C-0EBB-4716-A97B-AA508261944A}"
EndProject
Project("{FAE04EC0-301F-11D3-BF4B-00C04F79EFBC}") = "ListGenerica", "ListGenerica\ListGenerica.csproj", "{9EE22F74-23A0-4B07-852D-2DDC44451C06}"
EndProject
Project("{2150E333-8FDC-42A3-9474-1A3956D46DE8}") = "colecciones03", "colecciones03", "{38DD37F8-4867-439B-960B-F4C342BDC428}"
EndProject
Project("{FAE04EC0-301F-11D3-BF4B-00C04F79EFBC}") = "ListGenerica2", "ListGenerica2\ListGenerica2.csproj", "{EC5B98DC-68B7-4458-8346-550B57D707A6}"
EndProject
Project("{2150E333-8FDC-42A3-9474-1A3956D46DE8}") = "colecciones04", "colecciones04", "{61A4FF80-01E2-4644-BB68-4966B7947810}"
EndProject
Project("{FAE04EC0-301F-11D3-BF4B-00C04F79EFBC}") = "StackGenerico", "StackGenerico\StackGenerico.csproj", "{58F0B692-9AF6-4384-A9B0-616FDE675BE4}"
EndProject
Project("{FAE04EC0-301F-11D3-BF4B-00C04F79EFBC}") = "QueueGenerico", "QueueGenericos\QueueGenerico.csproj", "{A40180E3-BE9D-4072-800C-B9EC125A92BD}"
EndProject
Project("{2150E333-8FDC-42A3-9474-1A3956D46DE8}") = "colecciones05", "colecciones05", "{A53DB471-1753-4BAE-B9C6-2A2FF2F689C0}"
EndProject
Project("{FAE04EC0-301F-11D3-BF4B-00C04F79EFBC}") = "SortedSetGenerico", "SortedSetGenerico\SortedSetGenerico.csproj", "{01E53DEE-55E0-468D-BAA0-40E0EB79A264}"
EndProject
Project("{FAE04EC0-301F-11D3-BF4B-00C04F79EFBC}") = "ObservableCollection", "ObservableCollection\ObservableCollection.csproj", "{04FD9E85-825B-41D7-824F-9E453E9D2C65}"
EndProject
Project("{2150E333-8FDC-42A3-9474-1A3956D46DE8}") = "Genericos", "Genericos", "{94329C75-EB8A-4359-ADD7-E22A634492F6}"
EndProject
Project("{FAE04EC0-301F-11D3-BF4B-00C04F79EFBC}") = "_var_Nullable", "_var_Nullable\_var_Nullable.csproj", "{916F2D0C-5AAB-41DB-8E56-F8A1DB64C374}"
EndProject
Project("{FAE04EC0-301F-11D3-BF4B-00C04F79EFBC}") = "_Dynamic", "_Dynamic\_Dynamic.csproj", "{0DE9367F-0810-4EC3-8CAC-A601D2EA031E}"
EndProject
Project("{FAE04EC0-301F-11D3-BF4B-00C04F79EFBC}") = "MetodosGenericos", "MetodosGenericos\MetodosGenericos.csproj", "{B0EDEF63-DB0B-4BC2-83F6-5240FEC3BFE8}"
EndProject
Project("{FAE04EC0-301F-11D3-BF4B-00C04F79EFBC}") = "ClasesGenericas01", "ClasesGenericas01\ClasesGenericas01.csproj", "{953ED9AA-E61E-4B35-8FFA-DDFFDD8A6993}"
EndProject
Project("{FAE04EC0-301F-11D3-BF4B-00C04F79EFBC}") = "ClasesGenericas02Problemas", "ClasesGenericas02Problemas\ClasesGenericas02Problemas.csproj", "{4AF08431-0814-4163-9D30-7F240963E87F}"
EndProject
Project("{FAE04EC0-301F-11D3-BF4B-00C04F79EFBC}") = "DelegadoGenerico", "DelegadoGenerico\DelegadoGenerico.csproj", "{12747C7C-78AF-4A42-BE99-ACE0868C95F5}"
EndProject
Project("{FAE04EC0-301F-11D3-BF4B-00C04F79EFBC}") = "Action_Func", "Action_Func\Action_Func.csproj", "{94374F69-56FD-4BA0-89D2-372E80A37A6F}"
EndProject
Project("{FAE04EC0-301F-11D3-BF4B-00C04F79EFBC}") = "MetodosAnonimos", "MetodosAnonimos\MetodosAnonimos.csproj", "{AFBCC91E-8175-483D-80A6-6850DD25275B}"
EndProject
Project("{FAE04EC0-301F-11D3-BF4B-00C04F79EFBC}") = "Lambda01", "Lambda01\Lambda01.csproj", "{BD4470E0-8FFB-4944-B3A8-363051C324B0}"
EndProject
Project("{FAE04EC0-301F-11D3-BF4B-00C04F79EFBC}") = "Lambda02", "Lambda02\Lambda02.csproj", "{4F336F79-2004-40D3-B9B8-F37BD39B1F6C}"
EndProject
Project("{FAE04EC0-301F-11D3-BF4B-00C04F79EFBC}") = "Lambda03", "Lambda03\Lambda03.csproj", "{77A8B5AB-B683-45D6-9454-FA42551904F0}"
EndProject
Project("{FAE04EC0-301F-11D3-BF4B-00C04F79EFBC}") = "ConversionExplicita", "ConversionExplicita\ConversionExplicita.csproj", "{B11E813B-AA30-449C-9D1B-C3C2FE6863F2}"
EndProject
Project("{FAE04EC0-301F-11D3-BF4B-00C04F79EFBC}") = "ConversionImplicita", "ConversionImplicita\ConversionImplicita.csproj", "{22112080-2532-4060-B4B0-E03D1743E9A5}"
EndProject
Project("{FAE04EC0-301F-11D3-BF4B-00C04F79EFBC}") = "tiposAnonimos", "tiposAnonimos\tiposAnonimos.csproj", "{802F05AA-96DA-4CA2-939E-EE299979E042}"
EndProject
Project("{FAE04EC0-301F-11D3-BF4B-00C04F79EFBC}") = "MetodosExtension", "MetodosExtension\MetodosExtension.csproj", "{96A56452-3EC4-46CC-953D-0A282C8D46BA}"
EndProject
Project("{FAE04EC0-301F-11D3-BF4B-00C04F79EFBC}") = "Punteros", "Punteros\Punteros.csproj", "{74AC77B8-8BC8-496F-AB31-4FC3F0B99CBB}"
EndProject
Project("{2150E333-8FDC-42A3-9474-1A3956D46DE8}") = "interfaces", "interfaces", "{8ACF300D-8D5C-4F2C-BC95-E43211B79558}"
EndProject
Project("{FAE04EC0-301F-11D3-BF4B-00C04F79EFBC}") = "interfaces01", "interfaces\interfaces01.csproj", "{8FCD5BF3-0B01-4A68-89D2-2158EFDDCE3E}"
EndProject
Project("{FAE04EC0-301F-11D3-BF4B-00C04F79EFBC}") = "interfaces02", "interfases02\interfaces02.csproj", "{FE618AAB-4270-4FC6-94F2-B6251034C962}"
EndProject
Project("{FAE04EC0-301F-11D3-BF4B-00C04F79EFBC}") = "interfaces03", "inerfaces03\interfaces03.csproj", "{24AE8CE4-9391-4541-901A-9475EBC5FDA3}"
EndProject
Project("{FAE04EC0-301F-11D3-BF4B-00C04F79EFBC}") = "interfaces04", "interfaces04\interfaces04.csproj", "{C4008584-4ED4-4353-A09A-533ABEE32956}"
EndProject
Project("{2150E333-8FDC-42A3-9474-1A3956D46DE8}") = "Excepciones", "Excepciones", "{4DB978DB-0665-451C-BFBE-E139C6E76935}"
EndProject
Project("{FAE04EC0-301F-11D3-BF4B-00C04F79EFBC}") = "Excepcion01", "Excepcion01\Excepcion01.csproj", "{F9D5BCC4-8AA3-43DC-8E3F-403A271A990D}"
EndProject
Project("{FAE04EC0-301F-11D3-BF4B-00C04F79EFBC}") = "Excepcion02", "Excepcion02\Excepcion02.csproj", "{B09832A8-684E-42EF-B526-CE669F659B90}"
EndProject
Project("{FAE04EC0-301F-11D3-BF4B-00C04F79EFBC}") = "CicloVidaObjeto", "CicloVidaObjeto\CicloVidaObjeto.csproj", "{61156C38-8FEF-46DE-A22B-6F3458FC8A17}"
EndProject
Project("{FAE04EC0-301F-11D3-BF4B-00C04F79EFBC}") = "DisposableObjects", "DisposableObjects\DisposableObjects.csproj", "{F6F719BD-6DD3-422C-8CFC-12EA0F751B30}"
EndProject
Project("{FAE04EC0-301F-11D3-BF4B-00C04F79EFBC}") = "FinalizableDisposable", "FinalizableDisposable\FinalizableDisposable.csproj", "{F43BE5CE-D01B-47F2-B2D6-508ED23B6A90}"
EndProject
Project("{2150E333-8FDC-42A3-9474-1A3956D46DE8}") = "Assemblies", "Assemblies", "{EC086305-7A28-4D3A-BE32-44CAE29CFECE}"
EndProject
Project("{FAE04EC0-301F-11D3-BF4B-00C04F79EFBC}") = "Namespaces01", "Namespaces01\Namespaces01.csproj", "{B9DCED67-9A41-49A6-BA12-7B75E8244215}"
EndProject
Project("{FAE04EC0-301F-11D3-BF4B-00C04F79EFBC}") = "namespacesAnidados", "namespacesAnidados\namespacesAnidados.csproj", "{1EA3288C-0597-4D10-89DA-68DB5C847042}"
EndProject
Project("{2150E333-8FDC-42A3-9474-1A3956D46DE8}") = "bibliotecas", "bibliotecas", "{0B06DB76-F789-4425-989C-F44F4805BC61}"
EndProject
Project("{FAE04EC0-301F-11D3-BF4B-00C04F79EFBC}") = "Aritmetica", "Aritmetica\Aritmetica.csproj", "{6AFF2B1C-DEE6-435D-ABAC-5B32CEAF22B9}"
EndProject
Project("{FAE04EC0-301F-11D3-BF4B-00C04F79EFBC}") = "UsoAritmetica", "UsoAritmetica\UsoAritmetica.csproj", "{F2FB6BA0-66FE-40DA-B9BC-75914D7F72F0}"
EndProject
Project("{FAE04EC0-301F-11D3-BF4B-00C04F79EFBC}") = "usarAppSettings", "usarAppSettings\usarAppSettings.csproj", "{FA816D64-18A1-4F98-98A7-E72095F3FEB5}"
EndProject
Project("{FAE04EC0-301F-11D3-BF4B-00C04F79EFBC}") = "Reflection01", "Reflection01\Reflection01.csproj", "{E3B8F33A-C71E-4354-ABE1-B34F9042C164}"
EndProject
Project("{2150E333-8FDC-42A3-9474-1A3956D46DE8}") = "_Encriptacion", "_Encriptacion", "{735233EA-880F-46A5-B81E-2C5604F3B9D8}"
EndProject
Project("{FAE04EC0-301F-11D3-BF4B-00C04F79EFBC}") = "pruebaAES256", "pruebaAES256\pruebaAES256.csproj", "{623CAA40-B425-4AB1-A677-E33DB04123DB}"
EndProject
Project("{2150E333-8FDC-42A3-9474-1A3956D46DE8}") = "_CopiarFicheros", "_CopiarFicheros", "{661C8526-D0C2-4B4B-A89A-7A209C73CCF6}"
EndProject
Project("{FAE04EC0-301F-11D3-BF4B-00C04F79EFBC}") = "ArchivarFicheros", "ArchivarFicheros\ArchivarFicheros.csproj", "{410128A8-06DC-445C-9F0D-8981C9B1C19B}"
EndProject
Project("{2150E333-8FDC-42A3-9474-1A3956D46DE8}") = "Reflection", "Reflection", "{DE4A762D-739A-48E5-957A-B60B186B38B5}"
EndProject
Project("{FAE04EC0-301F-11D3-BF4B-00C04F79EFBC}") = "Reflection02", "Reflection02\Reflection02.csproj", "{9574242B-CD9B-4C61-94ED-9C07B64BD0E5}"
EndProject
Project("{2150E333-8FDC-42A3-9474-1A3956D46DE8}") = "_calculoIBAN", "_calculoIBAN", "{059FDD58-8800-4FE1-976A-FC83098A78FC}"
EndProject
Project("{FAE04EC0-301F-11D3-BF4B-00C04F79EFBC}") = "CalculaIBAN", "CalculaIBAN\CalculaIBAN.csproj", "{0C58AA15-940F-4DF8-A1BC-735704C04ECD}"
EndProject
Project("{2150E333-8FDC-42A3-9474-1A3956D46DE8}") = "atributos", "atributos", "{1B425B63-37F8-4F18-8D95-D2D8D5311FD7}"
EndProject
Project("{FAE04EC0-301F-11D3-BF4B-00C04F79EFBC}") = "Atributos01", "Atributos01\Atributos01.csproj", "{F4DB9A37-E14A-4541-8B9C-3CDB0B922CB1}"
EndProject
Global
	GlobalSection(SolutionConfigurationPlatforms) = preSolution
		Debug|Any CPU = Debug|Any CPU
		Release|Any CPU = Release|Any CPU
	EndGlobalSection
	GlobalSection(ProjectConfigurationPlatforms) = postSolution
		{7FD9DE67-E88E-4333-8985-AA4EEEE39809}.Debug|Any CPU.ActiveCfg = Debug|Any CPU
		{7FD9DE67-E88E-4333-8985-AA4EEEE39809}.Debug|Any CPU.Build.0 = Debug|Any CPU
		{7FD9DE67-E88E-4333-8985-AA4EEEE39809}.Release|Any CPU.ActiveCfg = Release|Any CPU
		{7FD9DE67-E88E-4333-8985-AA4EEEE39809}.Release|Any CPU.Build.0 = Release|Any CPU
		{CDC2CB8E-A029-4993-AC90-00394C65F59B}.Debug|Any CPU.ActiveCfg = Debug|Any CPU
		{CDC2CB8E-A029-4993-AC90-00394C65F59B}.Debug|Any CPU.Build.0 = Debug|Any CPU
		{CDC2CB8E-A029-4993-AC90-00394C65F59B}.Release|Any CPU.ActiveCfg = Release|Any CPU
		{CDC2CB8E-A029-4993-AC90-00394C65F59B}.Release|Any CPU.Build.0 = Release|Any CPU
		{1B661A8C-7BCF-4B8D-BF36-524D8B2C7EF2}.Debug|Any CPU.ActiveCfg = Debug|Any CPU
		{1B661A8C-7BCF-4B8D-BF36-524D8B2C7EF2}.Debug|Any CPU.Build.0 = Debug|Any CPU
		{1B661A8C-7BCF-4B8D-BF36-524D8B2C7EF2}.Release|Any CPU.ActiveCfg = Release|Any CPU
		{1B661A8C-7BCF-4B8D-BF36-524D8B2C7EF2}.Release|Any CPU.Build.0 = Release|Any CPU
		{0A4AAB20-7430-496D-A3CC-5CEB3EA63335}.Debug|Any CPU.ActiveCfg = Debug|Any CPU
		{0A4AAB20-7430-496D-A3CC-5CEB3EA63335}.Debug|Any CPU.Build.0 = Debug|Any CPU
		{0A4AAB20-7430-496D-A3CC-5CEB3EA63335}.Release|Any CPU.ActiveCfg = Release|Any CPU
		{0A4AAB20-7430-496D-A3CC-5CEB3EA63335}.Release|Any CPU.Build.0 = Release|Any CPU
		{76A11514-FC5B-4CBC-923C-E47F4DD73E72}.Debug|Any CPU.ActiveCfg = Debug|Any CPU
		{76A11514-FC5B-4CBC-923C-E47F4DD73E72}.Debug|Any CPU.Build.0 = Debug|Any CPU
		{76A11514-FC5B-4CBC-923C-E47F4DD73E72}.Release|Any CPU.ActiveCfg = Release|Any CPU
		{76A11514-FC5B-4CBC-923C-E47F4DD73E72}.Release|Any CPU.Build.0 = Release|Any CPU
		{2BF2B3F0-AEBF-4C7B-B343-9DC992925DA9}.Debug|Any CPU.ActiveCfg = Debug|Any CPU
		{2BF2B3F0-AEBF-4C7B-B343-9DC992925DA9}.Debug|Any CPU.Build.0 = Debug|Any CPU
		{2BF2B3F0-AEBF-4C7B-B343-9DC992925DA9}.Release|Any CPU.ActiveCfg = Release|Any CPU
		{2BF2B3F0-AEBF-4C7B-B343-9DC992925DA9}.Release|Any CPU.Build.0 = Release|Any CPU
		{8D0AB82C-0EBB-4716-A97B-AA508261944A}.Debug|Any CPU.ActiveCfg = Debug|Any CPU
		{8D0AB82C-0EBB-4716-A97B-AA508261944A}.Debug|Any CPU.Build.0 = Debug|Any CPU
		{8D0AB82C-0EBB-4716-A97B-AA508261944A}.Release|Any CPU.ActiveCfg = Release|Any CPU
		{8D0AB82C-0EBB-4716-A97B-AA508261944A}.Release|Any CPU.Build.0 = Release|Any CPU
		{9EE22F74-23A0-4B07-852D-2DDC44451C06}.Debug|Any CPU.ActiveCfg = Debug|Any CPU
		{9EE22F74-23A0-4B07-852D-2DDC44451C06}.Debug|Any CPU.Build.0 = Debug|Any CPU
		{9EE22F74-23A0-4B07-852D-2DDC44451C06}.Release|Any CPU.ActiveCfg = Release|Any CPU
		{9EE22F74-23A0-4B07-852D-2DDC44451C06}.Release|Any CPU.Build.0 = Release|Any CPU
		{EC5B98DC-68B7-4458-8346-550B57D707A6}.Debug|Any CPU.ActiveCfg = Debug|Any CPU
		{EC5B98DC-68B7-4458-8346-550B57D707A6}.Debug|Any CPU.Build.0 = Debug|Any CPU
		{EC5B98DC-68B7-4458-8346-550B57D707A6}.Release|Any CPU.ActiveCfg = Release|Any CPU
		{EC5B98DC-68B7-4458-8346-550B57D707A6}.Release|Any CPU.Build.0 = Release|Any CPU
		{58F0B692-9AF6-4384-A9B0-616FDE675BE4}.Debug|Any CPU.ActiveCfg = Debug|Any CPU
		{58F0B692-9AF6-4384-A9B0-616FDE675BE4}.Debug|Any CPU.Build.0 = Debug|Any CPU
		{58F0B692-9AF6-4384-A9B0-616FDE675BE4}.Release|Any CPU.ActiveCfg = Release|Any CPU
		{58F0B692-9AF6-4384-A9B0-616FDE675BE4}.Release|Any CPU.Build.0 = Release|Any CPU
		{A40180E3-BE9D-4072-800C-B9EC125A92BD}.Debug|Any CPU.ActiveCfg = Debug|Any CPU
		{A40180E3-BE9D-4072-800C-B9EC125A92BD}.Debug|Any CPU.Build.0 = Debug|Any CPU
		{A40180E3-BE9D-4072-800C-B9EC125A92BD}.Release|Any CPU.ActiveCfg = Release|Any CPU
		{A40180E3-BE9D-4072-800C-B9EC125A92BD}.Release|Any CPU.Build.0 = Release|Any CPU
		{01E53DEE-55E0-468D-BAA0-40E0EB79A264}.Debug|Any CPU.ActiveCfg = Debug|Any CPU
		{01E53DEE-55E0-468D-BAA0-40E0EB79A264}.Debug|Any CPU.Build.0 = Debug|Any CPU
		{01E53DEE-55E0-468D-BAA0-40E0EB79A264}.Release|Any CPU.ActiveCfg = Release|Any CPU
		{01E53DEE-55E0-468D-BAA0-40E0EB79A264}.Release|Any CPU.Build.0 = Release|Any CPU
		{04FD9E85-825B-41D7-824F-9E453E9D2C65}.Debug|Any CPU.ActiveCfg = Debug|Any CPU
		{04FD9E85-825B-41D7-824F-9E453E9D2C65}.Debug|Any CPU.Build.0 = Debug|Any CPU
		{04FD9E85-825B-41D7-824F-9E453E9D2C65}.Release|Any CPU.ActiveCfg = Release|Any CPU
		{04FD9E85-825B-41D7-824F-9E453E9D2C65}.Release|Any CPU.Build.0 = Release|Any CPU
		{916F2D0C-5AAB-41DB-8E56-F8A1DB64C374}.Debug|Any CPU.ActiveCfg = Debug|Any CPU
		{916F2D0C-5AAB-41DB-8E56-F8A1DB64C374}.Debug|Any CPU.Build.0 = Debug|Any CPU
		{916F2D0C-5AAB-41DB-8E56-F8A1DB64C374}.Release|Any CPU.ActiveCfg = Release|Any CPU
		{916F2D0C-5AAB-41DB-8E56-F8A1DB64C374}.Release|Any CPU.Build.0 = Release|Any CPU
		{0DE9367F-0810-4EC3-8CAC-A601D2EA031E}.Debug|Any CPU.ActiveCfg = Debug|Any CPU
		{0DE9367F-0810-4EC3-8CAC-A601D2EA031E}.Debug|Any CPU.Build.0 = Debug|Any CPU
		{0DE9367F-0810-4EC3-8CAC-A601D2EA031E}.Release|Any CPU.ActiveCfg = Release|Any CPU
		{0DE9367F-0810-4EC3-8CAC-A601D2EA031E}.Release|Any CPU.Build.0 = Release|Any CPU
		{B0EDEF63-DB0B-4BC2-83F6-5240FEC3BFE8}.Debug|Any CPU.ActiveCfg = Debug|Any CPU
		{B0EDEF63-DB0B-4BC2-83F6-5240FEC3BFE8}.Debug|Any CPU.Build.0 = Debug|Any CPU
		{B0EDEF63-DB0B-4BC2-83F6-5240FEC3BFE8}.Release|Any CPU.ActiveCfg = Release|Any CPU
		{B0EDEF63-DB0B-4BC2-83F6-5240FEC3BFE8}.Release|Any CPU.Build.0 = Release|Any CPU
		{953ED9AA-E61E-4B35-8FFA-DDFFDD8A6993}.Debug|Any CPU.ActiveCfg = Debug|Any CPU
		{953ED9AA-E61E-4B35-8FFA-DDFFDD8A6993}.Debug|Any CPU.Build.0 = Debug|Any CPU
		{953ED9AA-E61E-4B35-8FFA-DDFFDD8A6993}.Release|Any CPU.ActiveCfg = Release|Any CPU
		{953ED9AA-E61E-4B35-8FFA-DDFFDD8A6993}.Release|Any CPU.Build.0 = Release|Any CPU
		{4AF08431-0814-4163-9D30-7F240963E87F}.Debug|Any CPU.ActiveCfg = Debug|Any CPU
		{4AF08431-0814-4163-9D30-7F240963E87F}.Debug|Any CPU.Build.0 = Debug|Any CPU
		{4AF08431-0814-4163-9D30-7F240963E87F}.Release|Any CPU.ActiveCfg = Release|Any CPU
		{4AF08431-0814-4163-9D30-7F240963E87F}.Release|Any CPU.Build.0 = Release|Any CPU
		{12747C7C-78AF-4A42-BE99-ACE0868C95F5}.Debug|Any CPU.ActiveCfg = Debug|Any CPU
		{12747C7C-78AF-4A42-BE99-ACE0868C95F5}.Debug|Any CPU.Build.0 = Debug|Any CPU
		{12747C7C-78AF-4A42-BE99-ACE0868C95F5}.Release|Any CPU.ActiveCfg = Release|Any CPU
		{12747C7C-78AF-4A42-BE99-ACE0868C95F5}.Release|Any CPU.Build.0 = Release|Any CPU
		{94374F69-56FD-4BA0-89D2-372E80A37A6F}.Debug|Any CPU.ActiveCfg = Debug|Any CPU
		{94374F69-56FD-4BA0-89D2-372E80A37A6F}.Debug|Any CPU.Build.0 = Debug|Any CPU
		{94374F69-56FD-4BA0-89D2-372E80A37A6F}.Release|Any CPU.ActiveCfg = Release|Any CPU
		{94374F69-56FD-4BA0-89D2-372E80A37A6F}.Release|Any CPU.Build.0 = Release|Any CPU
		{AFBCC91E-8175-483D-80A6-6850DD25275B}.Debug|Any CPU.ActiveCfg = Debug|Any CPU
		{AFBCC91E-8175-483D-80A6-6850DD25275B}.Debug|Any CPU.Build.0 = Debug|Any CPU
		{AFBCC91E-8175-483D-80A6-6850DD25275B}.Release|Any CPU.ActiveCfg = Release|Any CPU
		{AFBCC91E-8175-483D-80A6-6850DD25275B}.Release|Any CPU.Build.0 = Release|Any CPU
		{BD4470E0-8FFB-4944-B3A8-363051C324B0}.Debug|Any CPU.ActiveCfg = Debug|Any CPU
		{BD4470E0-8FFB-4944-B3A8-363051C324B0}.Debug|Any CPU.Build.0 = Debug|Any CPU
		{BD4470E0-8FFB-4944-B3A8-363051C324B0}.Release|Any CPU.ActiveCfg = Release|Any CPU
		{BD4470E0-8FFB-4944-B3A8-363051C324B0}.Release|Any CPU.Build.0 = Release|Any CPU
		{4F336F79-2004-40D3-B9B8-F37BD39B1F6C}.Debug|Any CPU.ActiveCfg = Debug|Any CPU
		{4F336F79-2004-40D3-B9B8-F37BD39B1F6C}.Debug|Any CPU.Build.0 = Debug|Any CPU
		{4F336F79-2004-40D3-B9B8-F37BD39B1F6C}.Release|Any CPU.ActiveCfg = Release|Any CPU
		{4F336F79-2004-40D3-B9B8-F37BD39B1F6C}.Release|Any CPU.Build.0 = Release|Any CPU
		{77A8B5AB-B683-45D6-9454-FA42551904F0}.Debug|Any CPU.ActiveCfg = Debug|Any CPU
		{77A8B5AB-B683-45D6-9454-FA42551904F0}.Debug|Any CPU.Build.0 = Debug|Any CPU
		{77A8B5AB-B683-45D6-9454-FA42551904F0}.Release|Any CPU.ActiveCfg = Release|Any CPU
		{77A8B5AB-B683-45D6-9454-FA42551904F0}.Release|Any CPU.Build.0 = Release|Any CPU
		{B11E813B-AA30-449C-9D1B-C3C2FE6863F2}.Debug|Any CPU.ActiveCfg = Debug|Any CPU
		{B11E813B-AA30-449C-9D1B-C3C2FE6863F2}.Debug|Any CPU.Build.0 = Debug|Any CPU
		{B11E813B-AA30-449C-9D1B-C3C2FE6863F2}.Release|Any CPU.ActiveCfg = Release|Any CPU
		{B11E813B-AA30-449C-9D1B-C3C2FE6863F2}.Release|Any CPU.Build.0 = Release|Any CPU
		{22112080-2532-4060-B4B0-E03D1743E9A5}.Debug|Any CPU.ActiveCfg = Debug|Any CPU
		{22112080-2532-4060-B4B0-E03D1743E9A5}.Debug|Any CPU.Build.0 = Debug|Any CPU
		{22112080-2532-4060-B4B0-E03D1743E9A5}.Release|Any CPU.ActiveCfg = Release|Any CPU
		{22112080-2532-4060-B4B0-E03D1743E9A5}.Release|Any CPU.Build.0 = Release|Any CPU
		{802F05AA-96DA-4CA2-939E-EE299979E042}.Debug|Any CPU.ActiveCfg = Debug|Any CPU
		{802F05AA-96DA-4CA2-939E-EE299979E042}.Debug|Any CPU.Build.0 = Debug|Any CPU
		{802F05AA-96DA-4CA2-939E-EE299979E042}.Release|Any CPU.ActiveCfg = Release|Any CPU
		{802F05AA-96DA-4CA2-939E-EE299979E042}.Release|Any CPU.Build.0 = Release|Any CPU
		{96A56452-3EC4-46CC-953D-0A282C8D46BA}.Debug|Any CPU.ActiveCfg = Debug|Any CPU
		{96A56452-3EC4-46CC-953D-0A282C8D46BA}.Debug|Any CPU.Build.0 = Debug|Any CPU
		{96A56452-3EC4-46CC-953D-0A282C8D46BA}.Release|Any CPU.ActiveCfg = Release|Any CPU
		{96A56452-3EC4-46CC-953D-0A282C8D46BA}.Release|Any CPU.Build.0 = Release|Any CPU
		{74AC77B8-8BC8-496F-AB31-4FC3F0B99CBB}.Debug|Any CPU.ActiveCfg = Debug|Any CPU
		{74AC77B8-8BC8-496F-AB31-4FC3F0B99CBB}.Debug|Any CPU.Build.0 = Debug|Any CPU
		{74AC77B8-8BC8-496F-AB31-4FC3F0B99CBB}.Release|Any CPU.ActiveCfg = Release|Any CPU
		{74AC77B8-8BC8-496F-AB31-4FC3F0B99CBB}.Release|Any CPU.Build.0 = Release|Any CPU
		{8FCD5BF3-0B01-4A68-89D2-2158EFDDCE3E}.Debug|Any CPU.ActiveCfg = Debug|Any CPU
		{8FCD5BF3-0B01-4A68-89D2-2158EFDDCE3E}.Debug|Any CPU.Build.0 = Debug|Any CPU
		{8FCD5BF3-0B01-4A68-89D2-2158EFDDCE3E}.Release|Any CPU.ActiveCfg = Release|Any CPU
		{8FCD5BF3-0B01-4A68-89D2-2158EFDDCE3E}.Release|Any CPU.Build.0 = Release|Any CPU
		{FE618AAB-4270-4FC6-94F2-B6251034C962}.Debug|Any CPU.ActiveCfg = Debug|Any CPU
		{FE618AAB-4270-4FC6-94F2-B6251034C962}.Debug|Any CPU.Build.0 = Debug|Any CPU
		{FE618AAB-4270-4FC6-94F2-B6251034C962}.Release|Any CPU.ActiveCfg = Release|Any CPU
		{FE618AAB-4270-4FC6-94F2-B6251034C962}.Release|Any CPU.Build.0 = Release|Any CPU
		{24AE8CE4-9391-4541-901A-9475EBC5FDA3}.Debug|Any CPU.ActiveCfg = Debug|Any CPU
		{24AE8CE4-9391-4541-901A-9475EBC5FDA3}.Debug|Any CPU.Build.0 = Debug|Any CPU
		{24AE8CE4-9391-4541-901A-9475EBC5FDA3}.Release|Any CPU.ActiveCfg = Release|Any CPU
		{24AE8CE4-9391-4541-901A-9475EBC5FDA3}.Release|Any CPU.Build.0 = Release|Any CPU
		{C4008584-4ED4-4353-A09A-533ABEE32956}.Debug|Any CPU.ActiveCfg = Debug|Any CPU
		{C4008584-4ED4-4353-A09A-533ABEE32956}.Debug|Any CPU.Build.0 = Debug|Any CPU
		{C4008584-4ED4-4353-A09A-533ABEE32956}.Release|Any CPU.ActiveCfg = Release|Any CPU
		{C4008584-4ED4-4353-A09A-533ABEE32956}.Release|Any CPU.Build.0 = Release|Any CPU
		{F9D5BCC4-8AA3-43DC-8E3F-403A271A990D}.Debug|Any CPU.ActiveCfg = Debug|Any CPU
		{F9D5BCC4-8AA3-43DC-8E3F-403A271A990D}.Debug|Any CPU.Build.0 = Debug|Any CPU
		{F9D5BCC4-8AA3-43DC-8E3F-403A271A990D}.Release|Any CPU.ActiveCfg = Release|Any CPU
		{F9D5BCC4-8AA3-43DC-8E3F-403A271A990D}.Release|Any CPU.Build.0 = Release|Any CPU
		{B09832A8-684E-42EF-B526-CE669F659B90}.Debug|Any CPU.ActiveCfg = Debug|Any CPU
		{B09832A8-684E-42EF-B526-CE669F659B90}.Debug|Any CPU.Build.0 = Debug|Any CPU
		{B09832A8-684E-42EF-B526-CE669F659B90}.Release|Any CPU.ActiveCfg = Release|Any CPU
		{B09832A8-684E-42EF-B526-CE669F659B90}.Release|Any CPU.Build.0 = Release|Any CPU
		{61156C38-8FEF-46DE-A22B-6F3458FC8A17}.Debug|Any CPU.ActiveCfg = Debug|Any CPU
		{61156C38-8FEF-46DE-A22B-6F3458FC8A17}.Debug|Any CPU.Build.0 = Debug|Any CPU
		{61156C38-8FEF-46DE-A22B-6F3458FC8A17}.Release|Any CPU.ActiveCfg = Release|Any CPU
		{61156C38-8FEF-46DE-A22B-6F3458FC8A17}.Release|Any CPU.Build.0 = Release|Any CPU
		{F6F719BD-6DD3-422C-8CFC-12EA0F751B30}.Debug|Any CPU.ActiveCfg = Debug|Any CPU
		{F6F719BD-6DD3-422C-8CFC-12EA0F751B30}.Debug|Any CPU.Build.0 = Debug|Any CPU
		{F6F719BD-6DD3-422C-8CFC-12EA0F751B30}.Release|Any CPU.ActiveCfg = Release|Any CPU
		{F6F719BD-6DD3-422C-8CFC-12EA0F751B30}.Release|Any CPU.Build.0 = Release|Any CPU
		{F43BE5CE-D01B-47F2-B2D6-508ED23B6A90}.Debug|Any CPU.ActiveCfg = Debug|Any CPU
		{F43BE5CE-D01B-47F2-B2D6-508ED23B6A90}.Debug|Any CPU.Build.0 = Debug|Any CPU
		{F43BE5CE-D01B-47F2-B2D6-508ED23B6A90}.Release|Any CPU.ActiveCfg = Release|Any CPU
		{F43BE5CE-D01B-47F2-B2D6-508ED23B6A90}.Release|Any CPU.Build.0 = Release|Any CPU
		{B9DCED67-9A41-49A6-BA12-7B75E8244215}.Debug|Any CPU.ActiveCfg = Debug|Any CPU
		{B9DCED67-9A41-49A6-BA12-7B75E8244215}.Debug|Any CPU.Build.0 = Debug|Any CPU
		{B9DCED67-9A41-49A6-BA12-7B75E8244215}.Release|Any CPU.ActiveCfg = Release|Any CPU
		{B9DCED67-9A41-49A6-BA12-7B75E8244215}.Release|Any CPU.Build.0 = Release|Any CPU
		{1EA3288C-0597-4D10-89DA-68DB5C847042}.Debug|Any CPU.ActiveCfg = Debug|Any CPU
		{1EA3288C-0597-4D10-89DA-68DB5C847042}.Debug|Any CPU.Build.0 = Debug|Any CPU
		{1EA3288C-0597-4D10-89DA-68DB5C847042}.Release|Any CPU.ActiveCfg = Release|Any CPU
		{1EA3288C-0597-4D10-89DA-68DB5C847042}.Release|Any CPU.Build.0 = Release|Any CPU
		{6AFF2B1C-DEE6-435D-ABAC-5B32CEAF22B9}.Debug|Any CPU.ActiveCfg = Debug|Any CPU
		{6AFF2B1C-DEE6-435D-ABAC-5B32CEAF22B9}.Debug|Any CPU.Build.0 = Debug|Any CPU
		{6AFF2B1C-DEE6-435D-ABAC-5B32CEAF22B9}.Release|Any CPU.ActiveCfg = Release|Any CPU
		{6AFF2B1C-DEE6-435D-ABAC-5B32CEAF22B9}.Release|Any CPU.Build.0 = Release|Any CPU
		{F2FB6BA0-66FE-40DA-B9BC-75914D7F72F0}.Debug|Any CPU.ActiveCfg = Debug|Any CPU
		{F2FB6BA0-66FE-40DA-B9BC-75914D7F72F0}.Debug|Any CPU.Build.0 = Debug|Any CPU
		{F2FB6BA0-66FE-40DA-B9BC-75914D7F72F0}.Release|Any CPU.ActiveCfg = Release|Any CPU
		{F2FB6BA0-66FE-40DA-B9BC-75914D7F72F0}.Release|Any CPU.Build.0 = Release|Any CPU
		{FA816D64-18A1-4F98-98A7-E72095F3FEB5}.Debug|Any CPU.ActiveCfg = Debug|Any CPU
		{FA816D64-18A1-4F98-98A7-E72095F3FEB5}.Debug|Any CPU.Build.0 = Debug|Any CPU
		{FA816D64-18A1-4F98-98A7-E72095F3FEB5}.Release|Any CPU.ActiveCfg = Release|Any CPU
		{FA816D64-18A1-4F98-98A7-E72095F3FEB5}.Release|Any CPU.Build.0 = Release|Any CPU
		{E3B8F33A-C71E-4354-ABE1-B34F9042C164}.Debug|Any CPU.ActiveCfg = Debug|Any CPU
		{E3B8F33A-C71E-4354-ABE1-B34F9042C164}.Debug|Any CPU.Build.0 = Debug|Any CPU
		{E3B8F33A-C71E-4354-ABE1-B34F9042C164}.Release|Any CPU.ActiveCfg = Release|Any CPU
		{E3B8F33A-C71E-4354-ABE1-B34F9042C164}.Release|Any CPU.Build.0 = Release|Any CPU
		{623CAA40-B425-4AB1-A677-E33DB04123DB}.Debug|Any CPU.ActiveCfg = Debug|Any CPU
		{623CAA40-B425-4AB1-A677-E33DB04123DB}.Debug|Any CPU.Build.0 = Debug|Any CPU
		{623CAA40-B425-4AB1-A677-E33DB04123DB}.Release|Any CPU.ActiveCfg = Release|Any CPU
		{623CAA40-B425-4AB1-A677-E33DB04123DB}.Release|Any CPU.Build.0 = Release|Any CPU
		{410128A8-06DC-445C-9F0D-8981C9B1C19B}.Debug|Any CPU.ActiveCfg = Debug|Any CPU
		{410128A8-06DC-445C-9F0D-8981C9B1C19B}.Debug|Any CPU.Build.0 = Debug|Any CPU
		{410128A8-06DC-445C-9F0D-8981C9B1C19B}.Release|Any CPU.ActiveCfg = Release|Any CPU
		{410128A8-06DC-445C-9F0D-8981C9B1C19B}.Release|Any CPU.Build.0 = Release|Any CPU
		{9574242B-CD9B-4C61-94ED-9C07B64BD0E5}.Debug|Any CPU.ActiveCfg = Debug|Any CPU
		{9574242B-CD9B-4C61-94ED-9C07B64BD0E5}.Debug|Any CPU.Build.0 = Debug|Any CPU
		{9574242B-CD9B-4C61-94ED-9C07B64BD0E5}.Release|Any CPU.ActiveCfg = Release|Any CPU
		{9574242B-CD9B-4C61-94ED-9C07B64BD0E5}.Release|Any CPU.Build.0 = Release|Any CPU
		{0C58AA15-940F-4DF8-A1BC-735704C04ECD}.Debug|Any CPU.ActiveCfg = Debug|Any CPU
		{0C58AA15-940F-4DF8-A1BC-735704C04ECD}.Debug|Any CPU.Build.0 = Debug|Any CPU
		{0C58AA15-940F-4DF8-A1BC-735704C04ECD}.Release|Any CPU.ActiveCfg = Release|Any CPU
		{0C58AA15-940F-4DF8-A1BC-735704C04ECD}.Release|Any CPU.Build.0 = Release|Any CPU
		{F4DB9A37-E14A-4541-8B9C-3CDB0B922CB1}.Debug|Any CPU.ActiveCfg = Debug|Any CPU
		{F4DB9A37-E14A-4541-8B9C-3CDB0B922CB1}.Debug|Any CPU.Build.0 = Debug|Any CPU
		{F4DB9A37-E14A-4541-8B9C-3CDB0B922CB1}.Release|Any CPU.ActiveCfg = Release|Any CPU
		{F4DB9A37-E14A-4541-8B9C-3CDB0B922CB1}.Release|Any CPU.Build.0 = Release|Any CPU
	EndGlobalSection
	GlobalSection(SolutionProperties) = preSolution
		HideSolutionNode = FALSE
	EndGlobalSection
	GlobalSection(NestedProjects) = preSolution
		{7FD9DE67-E88E-4333-8985-AA4EEEE39809} = {799A631C-C6DB-4E61-A579-19AC9964A6BE}
		{CDC2CB8E-A029-4993-AC90-00394C65F59B} = {799A631C-C6DB-4E61-A579-19AC9964A6BE}
		{1B661A8C-7BCF-4B8D-BF36-524D8B2C7EF2} = {799A631C-C6DB-4E61-A579-19AC9964A6BE}
		{0A4AAB20-7430-496D-A3CC-5CEB3EA63335} = {799A631C-C6DB-4E61-A579-19AC9964A6BE}
		{76A11514-FC5B-4CBC-923C-E47F4DD73E72} = {799A631C-C6DB-4E61-A579-19AC9964A6BE}
		{2BF2B3F0-AEBF-4C7B-B343-9DC992925DA9} = {799A631C-C6DB-4E61-A579-19AC9964A6BE}
		{8D0AB82C-0EBB-4716-A97B-AA508261944A} = {9238BCB1-CE50-4518-8022-5AB833CC3009}
		{9EE22F74-23A0-4B07-852D-2DDC44451C06} = {9238BCB1-CE50-4518-8022-5AB833CC3009}
		{EC5B98DC-68B7-4458-8346-550B57D707A6} = {38DD37F8-4867-439B-960B-F4C342BDC428}
		{58F0B692-9AF6-4384-A9B0-616FDE675BE4} = {61A4FF80-01E2-4644-BB68-4966B7947810}
		{A40180E3-BE9D-4072-800C-B9EC125A92BD} = {61A4FF80-01E2-4644-BB68-4966B7947810}
		{01E53DEE-55E0-468D-BAA0-40E0EB79A264} = {A53DB471-1753-4BAE-B9C6-2A2FF2F689C0}
		{04FD9E85-825B-41D7-824F-9E453E9D2C65} = {A53DB471-1753-4BAE-B9C6-2A2FF2F689C0}
		{916F2D0C-5AAB-41DB-8E56-F8A1DB64C374} = {94329C75-EB8A-4359-ADD7-E22A634492F6}
		{0DE9367F-0810-4EC3-8CAC-A601D2EA031E} = {94329C75-EB8A-4359-ADD7-E22A634492F6}
		{B0EDEF63-DB0B-4BC2-83F6-5240FEC3BFE8} = {94329C75-EB8A-4359-ADD7-E22A634492F6}
		{953ED9AA-E61E-4B35-8FFA-DDFFDD8A6993} = {94329C75-EB8A-4359-ADD7-E22A634492F6}
		{4AF08431-0814-4163-9D30-7F240963E87F} = {94329C75-EB8A-4359-ADD7-E22A634492F6}
		{12747C7C-78AF-4A42-BE99-ACE0868C95F5} = {94329C75-EB8A-4359-ADD7-E22A634492F6}
		{94374F69-56FD-4BA0-89D2-372E80A37A6F} = {94329C75-EB8A-4359-ADD7-E22A634492F6}
		{AFBCC91E-8175-483D-80A6-6850DD25275B} = {94329C75-EB8A-4359-ADD7-E22A634492F6}
		{BD4470E0-8FFB-4944-B3A8-363051C324B0} = {94329C75-EB8A-4359-ADD7-E22A634492F6}
		{4F336F79-2004-40D3-B9B8-F37BD39B1F6C} = {94329C75-EB8A-4359-ADD7-E22A634492F6}
		{77A8B5AB-B683-45D6-9454-FA42551904F0} = {94329C75-EB8A-4359-ADD7-E22A634492F6}
		{8FCD5BF3-0B01-4A68-89D2-2158EFDDCE3E} = {8ACF300D-8D5C-4F2C-BC95-E43211B79558}
		{FE618AAB-4270-4FC6-94F2-B6251034C962} = {8ACF300D-8D5C-4F2C-BC95-E43211B79558}
		{24AE8CE4-9391-4541-901A-9475EBC5FDA3} = {8ACF300D-8D5C-4F2C-BC95-E43211B79558}
		{C4008584-4ED4-4353-A09A-533ABEE32956} = {8ACF300D-8D5C-4F2C-BC95-E43211B79558}
		{F9D5BCC4-8AA3-43DC-8E3F-403A271A990D} = {4DB978DB-0665-451C-BFBE-E139C6E76935}
		{B09832A8-684E-42EF-B526-CE669F659B90} = {4DB978DB-0665-451C-BFBE-E139C6E76935}
		{B9DCED67-9A41-49A6-BA12-7B75E8244215} = {EC086305-7A28-4D3A-BE32-44CAE29CFECE}
		{1EA3288C-0597-4D10-89DA-68DB5C847042} = {EC086305-7A28-4D3A-BE32-44CAE29CFECE}
		{6AFF2B1C-DEE6-435D-ABAC-5B32CEAF22B9} = {0B06DB76-F789-4425-989C-F44F4805BC61}
		{F2FB6BA0-66FE-40DA-B9BC-75914D7F72F0} = {0B06DB76-F789-4425-989C-F44F4805BC61}
		{E3B8F33A-C71E-4354-ABE1-B34F9042C164} = {DE4A762D-739A-48E5-957A-B60B186B38B5}
		{623CAA40-B425-4AB1-A677-E33DB04123DB} = {735233EA-880F-46A5-B81E-2C5604F3B9D8}
		{410128A8-06DC-445C-9F0D-8981C9B1C19B} = {661C8526-D0C2-4B4B-A89A-7A209C73CCF6}
		{9574242B-CD9B-4C61-94ED-9C07B64BD0E5} = {DE4A762D-739A-48E5-957A-B60B186B38B5}
		{0C58AA15-940F-4DF8-A1BC-735704C04ECD} = {059FDD58-8800-4FE1-976A-FC83098A78FC}
		{F4DB9A37-E14A-4541-8B9C-3CDB0B922CB1} = {1B425B63-37F8-4F18-8D95-D2D8D5311FD7}
	EndGlobalSection
EndGlobal
