
Microsoft Visual Studio Solution File, Format Version 12.00
# Visual Studio 14
VisualStudioVersion = 14.0.25420.1
MinimumVisualStudioVersion = 10.0.40219.1
Project("{2150E333-8FDC-42A3-9474-1A3956D46DE8}") = "Colecciones01", "Colecciones01", "{799A631C-C6DB-4E61-A579-19AC9964A6BE}"
EndProject
Project("{FAE04EC0-301F-11D3-BF4B-00C04F79EFBC}") = "BitArray", "BitArray\BitArray.csproj", "{7FD9DE67-E88E-4333-8985-AA4EEEE39809}"
EndProject
Project("{FAE04EC0-301F-11D3-BF4B-00C04F79EFBC}") = "ArrayList", "ArrayList\ArrayList.csproj", "{CDC2CB8E-A029-4993-AC90-00394C65F59B}"
EndProject
Project("{FAE04EC0-301F-11D3-BF4B-00C04F79EFBC}") = "HashTable", "HashTable\HashTable.csproj", "{1B661A8C-7BCF-4B8D-BF36-524D8B2C7EF2}"
EndProject
Project("{FAE04EC0-301F-11D3-BF4B-00C04F79EFBC}") = "Queue", "Queue\Queue.csproj", "{0A4AAB20-7430-496D-A3CC-5CEB3EA63335}"
EndProject
Project("{FAE04EC0-301F-11D3-BF4B-00C04F79EFBC}") = "SortedList", "SortedList\SortedList.csproj", "{76A11514-FC5B-4CBC-923C-E47F4DD73E72}"
EndProject
Project("{FAE04EC0-301F-11D3-BF4B-00C04F79EFBC}") = "Stack", "Stack\Stack.csproj", "{2BF2B3F0-AEBF-4C7B-B343-9DC992925DA9}"
EndProject
Project("{2150E333-8FDC-42A3-9474-1A3956D46DE8}") = "Colecciones02", "Colecciones02", "{9238BCB1-CE50-4518-8022-5AB833CC3009}"
EndProject
Project("{FAE04EC0-301F-11D3-BF4B-00C04F79EFBC}") = "Genericas1", "Genericas1\Genericas1.csproj", "{8D0AB82C-0EBB-4716-A97B-AA508261944A}"
EndProject
Project("{FAE04EC0-301F-11D3-BF4B-00C04F79EFBC}") = "ListGenerica", "ListGenerica\ListGenerica.csproj", "{9EE22F74-23A0-4B07-852D-2DDC44451C06}"
EndProject
Project("{2150E333-8FDC-42A3-9474-1A3956D46DE8}") = "colecciones03", "colecciones03", "{38DD37F8-4867-439B-960B-F4C342BDC428}"
EndProject
Project("{FAE04EC0-301F-11D3-BF4B-00C04F79EFBC}") = "ListGenerica2", "ListGenerica2\ListGenerica2.csproj", "{EC5B98DC-68B7-4458-8346-550B57D707A6}"
EndProject
Project("{2150E333-8FDC-42A3-9474-1A3956D46DE8}") = "colecciones04", "colecciones04", "{61A4FF80-01E2-4644-BB68-4966B7947810}"
EndProject
Project("{FAE04EC0-301F-11D3-BF4B-00C04F79EFBC}") = "StackGenerico", "StackGenerico\StackGenerico.csproj", "{58F0B692-9AF6-4384-A9B0-616FDE675BE4}"
EndProject
Project("{FAE04EC0-301F-11D3-BF4B-00C04F79EFBC}") = "QueueGenerico", "QueueGenericos\QueueGenerico.csproj", "{A40180E3-BE9D-4072-800C-B9EC125A92BD}"
EndProject
Project("{2150E333-8FDC-42A3-9474-1A3956D46DE8}") = "colecciones05", "colecciones05", "{A53DB471-1753-4BAE-B9C6-2A2FF2F689C0}"
EndProject
Project("{FAE04EC0-301F-11D3-BF4B-00C04F79EFBC}") = "SortedSetGenerico", "SortedSetGenerico\SortedSetGenerico.csproj", "{01E53DEE-55E0-468D-BAA0-40E0EB79A264}"
EndProject
Project("{FAE04EC0-301F-11D3-BF4B-00C04F79EFBC}") = "ObservableCollection", "ObservableCollection\ObservableCollection.csproj", "{04FD9E85-825B-41D7-824F-9E453E9D2C65}"
EndProject
Project("{2150E333-8FDC-42A3-9474-1A3956D46DE8}") = "Genericos", "Genericos", "{94329C75-EB8A-4359-ADD7-E22A634492F6}"
EndProject
Project("{FAE04EC0-301F-11D3-BF4B-00C04F79EFBC}") = "_var_Nullable", "_var_Nullable\_var_Nullable.csproj", "{916F2D0C-5AAB-41DB-8E56-F8A1DB64C374}"
EndProject
Project("{FAE04EC0-301F-11D3-BF4B-00C04F79EFBC}") = "_Dynamic", "_Dynamic\_Dynamic.csproj", "{0DE9367F-0810-4EC3-8CAC-A601D2EA031E}"
EndProject
Project("{FAE04EC0-301F-11D3-BF4B-00C04F79EFBC}") = "MetodosGenericos", "MetodosGenericos\MetodosGenericos.csproj", "{B0EDEF63-DB0B-4BC2-83F6-5240FEC3BFE8}"
EndProject
Project("{FAE04EC0-301F-11D3-BF4B-00C04F79EFBC}") = "ClasesGenericas01", "ClasesGenericas01\ClasesGenericas01.csproj", "{953ED9AA-E61E-4B35-8FFA-DDFFDD8A6993}"
EndProject
Project("{FAE04EC0-301F-11D3-BF4B-00C04F79EFBC}") = "prueba", "prueba\prueba.csproj", "{E354A7D9-ABD6-426D-9877-96E90D8FE57A}"
EndProject
Global
	GlobalSection(SolutionConfigurationPlatforms) = preSolution
		Debug|Any CPU = Debug|Any CPU
		Release|Any CPU = Release|Any CPU
	EndGlobalSection
	GlobalSection(ProjectConfigurationPlatforms) = postSolution
		{7FD9DE67-E88E-4333-8985-AA4EEEE39809}.Debug|Any CPU.ActiveCfg = Debug|Any CPU
		{7FD9DE67-E88E-4333-8985-AA4EEEE39809}.Debug|Any CPU.Build.0 = Debug|Any CPU
		{7FD9DE67-E88E-4333-8985-AA4EEEE39809}.Release|Any CPU.ActiveCfg = Release|Any CPU
		{7FD9DE67-E88E-4333-8985-AA4EEEE39809}.Release|Any CPU.Build.0 = Release|Any CPU
		{CDC2CB8E-A029-4993-AC90-00394C65F59B}.Debug|Any CPU.ActiveCfg = Debug|Any CPU
		{CDC2CB8E-A029-4993-AC90-00394C65F59B}.Debug|Any CPU.Build.0 = Debug|Any CPU
		{CDC2CB8E-A029-4993-AC90-00394C65F59B}.Release|Any CPU.ActiveCfg = Release|Any CPU
		{CDC2CB8E-A029-4993-AC90-00394C65F59B}.Release|Any CPU.Build.0 = Release|Any CPU
		{1B661A8C-7BCF-4B8D-BF36-524D8B2C7EF2}.Debug|Any CPU.ActiveCfg = Debug|Any CPU
		{1B661A8C-7BCF-4B8D-BF36-524D8B2C7EF2}.Debug|Any CPU.Build.0 = Debug|Any CPU
		{1B661A8C-7BCF-4B8D-BF36-524D8B2C7EF2}.Release|Any CPU.ActiveCfg = Release|Any CPU
		{1B661A8C-7BCF-4B8D-BF36-524D8B2C7EF2}.Release|Any CPU.Build.0 = Release|Any CPU
		{0A4AAB20-7430-496D-A3CC-5CEB3EA63335}.Debug|Any CPU.ActiveCfg = Debug|Any CPU
		{0A4AAB20-7430-496D-A3CC-5CEB3EA63335}.Debug|Any CPU.Build.0 = Debug|Any CPU
		{0A4AAB20-7430-496D-A3CC-5CEB3EA63335}.Release|Any CPU.ActiveCfg = Release|Any CPU
		{0A4AAB20-7430-496D-A3CC-5CEB3EA63335}.Release|Any CPU.Build.0 = Release|Any CPU
		{76A11514-FC5B-4CBC-923C-E47F4DD73E72}.Debug|Any CPU.ActiveCfg = Debug|Any CPU
		{76A11514-FC5B-4CBC-923C-E47F4DD73E72}.Debug|Any CPU.Build.0 = Debug|Any CPU
		{76A11514-FC5B-4CBC-923C-E47F4DD73E72}.Release|Any CPU.ActiveCfg = Release|Any CPU
		{76A11514-FC5B-4CBC-923C-E47F4DD73E72}.Release|Any CPU.Build.0 = Release|Any CPU
		{2BF2B3F0-AEBF-4C7B-B343-9DC992925DA9}.Debug|Any CPU.ActiveCfg = Debug|Any CPU
		{2BF2B3F0-AEBF-4C7B-B343-9DC992925DA9}.Debug|Any CPU.Build.0 = Debug|Any CPU
		{2BF2B3F0-AEBF-4C7B-B343-9DC992925DA9}.Release|Any CPU.ActiveCfg = Release|Any CPU
		{2BF2B3F0-AEBF-4C7B-B343-9DC992925DA9}.Release|Any CPU.Build.0 = Release|Any CPU
		{8D0AB82C-0EBB-4716-A97B-AA508261944A}.Debug|Any CPU.ActiveCfg = Debug|Any CPU
		{8D0AB82C-0EBB-4716-A97B-AA508261944A}.Debug|Any CPU.Build.0 = Debug|Any CPU
		{8D0AB82C-0EBB-4716-A97B-AA508261944A}.Release|Any CPU.ActiveCfg = Release|Any CPU
		{8D0AB82C-0EBB-4716-A97B-AA508261944A}.Release|Any CPU.Build.0 = Release|Any CPU
		{9EE22F74-23A0-4B07-852D-2DDC44451C06}.Debug|Any CPU.ActiveCfg = Debug|Any CPU
		{9EE22F74-23A0-4B07-852D-2DDC44451C06}.Debug|Any CPU.Build.0 = Debug|Any CPU
		{9EE22F74-23A0-4B07-852D-2DDC44451C06}.Release|Any CPU.ActiveCfg = Release|Any CPU
		{9EE22F74-23A0-4B07-852D-2DDC44451C06}.Release|Any CPU.Build.0 = Release|Any CPU
		{EC5B98DC-68B7-4458-8346-550B57D707A6}.Debug|Any CPU.ActiveCfg = Debug|Any CPU
		{EC5B98DC-68B7-4458-8346-550B57D707A6}.Debug|Any CPU.Build.0 = Debug|Any CPU
		{EC5B98DC-68B7-4458-8346-550B57D707A6}.Release|Any CPU.ActiveCfg = Release|Any CPU
		{EC5B98DC-68B7-4458-8346-550B57D707A6}.Release|Any CPU.Build.0 = Release|Any CPU
		{58F0B692-9AF6-4384-A9B0-616FDE675BE4}.Debug|Any CPU.ActiveCfg = Debug|Any CPU
		{58F0B692-9AF6-4384-A9B0-616FDE675BE4}.Debug|Any CPU.Build.0 = Debug|Any CPU
		{58F0B692-9AF6-4384-A9B0-616FDE675BE4}.Release|Any CPU.ActiveCfg = Release|Any CPU
		{58F0B692-9AF6-4384-A9B0-616FDE675BE4}.Release|Any CPU.Build.0 = Release|Any CPU
		{A40180E3-BE9D-4072-800C-B9EC125A92BD}.Debug|Any CPU.ActiveCfg = Debug|Any CPU
		{A40180E3-BE9D-4072-800C-B9EC125A92BD}.Debug|Any CPU.Build.0 = Debug|Any CPU
		{A40180E3-BE9D-4072-800C-B9EC125A92BD}.Release|Any CPU.ActiveCfg = Release|Any CPU
		{A40180E3-BE9D-4072-800C-B9EC125A92BD}.Release|Any CPU.Build.0 = Release|Any CPU
		{01E53DEE-55E0-468D-BAA0-40E0EB79A264}.Debug|Any CPU.ActiveCfg = Debug|Any CPU
		{01E53DEE-55E0-468D-BAA0-40E0EB79A264}.Debug|Any CPU.Build.0 = Debug|Any CPU
		{01E53DEE-55E0-468D-BAA0-40E0EB79A264}.Release|Any CPU.ActiveCfg = Release|Any CPU
		{01E53DEE-55E0-468D-BAA0-40E0EB79A264}.Release|Any CPU.Build.0 = Release|Any CPU
		{04FD9E85-825B-41D7-824F-9E453E9D2C65}.Debug|Any CPU.ActiveCfg = Debug|Any CPU
		{04FD9E85-825B-41D7-824F-9E453E9D2C65}.Debug|Any CPU.Build.0 = Debug|Any CPU
		{04FD9E85-825B-41D7-824F-9E453E9D2C65}.Release|Any CPU.ActiveCfg = Release|Any CPU
		{04FD9E85-825B-41D7-824F-9E453E9D2C65}.Release|Any CPU.Build.0 = Release|Any CPU
		{916F2D0C-5AAB-41DB-8E56-F8A1DB64C374}.Debug|Any CPU.ActiveCfg = Debug|Any CPU
		{916F2D0C-5AAB-41DB-8E56-F8A1DB64C374}.Debug|Any CPU.Build.0 = Debug|Any CPU
		{916F2D0C-5AAB-41DB-8E56-F8A1DB64C374}.Release|Any CPU.ActiveCfg = Release|Any CPU
		{916F2D0C-5AAB-41DB-8E56-F8A1DB64C374}.Release|Any CPU.Build.0 = Release|Any CPU
		{0DE9367F-0810-4EC3-8CAC-A601D2EA031E}.Debug|Any CPU.ActiveCfg = Debug|Any CPU
		{0DE9367F-0810-4EC3-8CAC-A601D2EA031E}.Debug|Any CPU.Build.0 = Debug|Any CPU
		{0DE9367F-0810-4EC3-8CAC-A601D2EA031E}.Release|Any CPU.ActiveCfg = Release|Any CPU
		{0DE9367F-0810-4EC3-8CAC-A601D2EA031E}.Release|Any CPU.Build.0 = Release|Any CPU
		{B0EDEF63-DB0B-4BC2-83F6-5240FEC3BFE8}.Debug|Any CPU.ActiveCfg = Debug|Any CPU
		{B0EDEF63-DB0B-4BC2-83F6-5240FEC3BFE8}.Debug|Any CPU.Build.0 = Debug|Any CPU
		{B0EDEF63-DB0B-4BC2-83F6-5240FEC3BFE8}.Release|Any CPU.ActiveCfg = Release|Any CPU
		{B0EDEF63-DB0B-4BC2-83F6-5240FEC3BFE8}.Release|Any CPU.Build.0 = Release|Any CPU
		{953ED9AA-E61E-4B35-8FFA-DDFFDD8A6993}.Debug|Any CPU.ActiveCfg = Debug|Any CPU
		{953ED9AA-E61E-4B35-8FFA-DDFFDD8A6993}.Debug|Any CPU.Build.0 = Debug|Any CPU
		{953ED9AA-E61E-4B35-8FFA-DDFFDD8A6993}.Release|Any CPU.ActiveCfg = Release|Any CPU
		{953ED9AA-E61E-4B35-8FFA-DDFFDD8A6993}.Release|Any CPU.Build.0 = Release|Any CPU
		{E354A7D9-ABD6-426D-9877-96E90D8FE57A}.Debug|Any CPU.ActiveCfg = Debug|Any CPU
		{E354A7D9-ABD6-426D-9877-96E90D8FE57A}.Debug|Any CPU.Build.0 = Debug|Any CPU
		{E354A7D9-ABD6-426D-9877-96E90D8FE57A}.Release|Any CPU.ActiveCfg = Release|Any CPU
		{E354A7D9-ABD6-426D-9877-96E90D8FE57A}.Release|Any CPU.Build.0 = Release|Any CPU
	EndGlobalSection
	GlobalSection(SolutionProperties) = preSolution
		HideSolutionNode = FALSE
	EndGlobalSection
	GlobalSection(NestedProjects) = preSolution
		{7FD9DE67-E88E-4333-8985-AA4EEEE39809} = {799A631C-C6DB-4E61-A579-19AC9964A6BE}
		{CDC2CB8E-A029-4993-AC90-00394C65F59B} = {799A631C-C6DB-4E61-A579-19AC9964A6BE}
		{1B661A8C-7BCF-4B8D-BF36-524D8B2C7EF2} = {799A631C-C6DB-4E61-A579-19AC9964A6BE}
		{0A4AAB20-7430-496D-A3CC-5CEB3EA63335} = {799A631C-C6DB-4E61-A579-19AC9964A6BE}
		{76A11514-FC5B-4CBC-923C-E47F4DD73E72} = {799A631C-C6DB-4E61-A579-19AC9964A6BE}
		{2BF2B3F0-AEBF-4C7B-B343-9DC992925DA9} = {799A631C-C6DB-4E61-A579-19AC9964A6BE}
		{8D0AB82C-0EBB-4716-A97B-AA508261944A} = {9238BCB1-CE50-4518-8022-5AB833CC3009}
		{9EE22F74-23A0-4B07-852D-2DDC44451C06} = {9238BCB1-CE50-4518-8022-5AB833CC3009}
		{EC5B98DC-68B7-4458-8346-550B57D707A6} = {38DD37F8-4867-439B-960B-F4C342BDC428}
		{58F0B692-9AF6-4384-A9B0-616FDE675BE4} = {61A4FF80-01E2-4644-BB68-4966B7947810}
		{A40180E3-BE9D-4072-800C-B9EC125A92BD} = {61A4FF80-01E2-4644-BB68-4966B7947810}
		{01E53DEE-55E0-468D-BAA0-40E0EB79A264} = {A53DB471-1753-4BAE-B9C6-2A2FF2F689C0}
		{04FD9E85-825B-41D7-824F-9E453E9D2C65} = {A53DB471-1753-4BAE-B9C6-2A2FF2F689C0}
		{916F2D0C-5AAB-41DB-8E56-F8A1DB64C374} = {94329C75-EB8A-4359-ADD7-E22A634492F6}
		{0DE9367F-0810-4EC3-8CAC-A601D2EA031E} = {94329C75-EB8A-4359-ADD7-E22A634492F6}
		{B0EDEF63-DB0B-4BC2-83F6-5240FEC3BFE8} = {94329C75-EB8A-4359-ADD7-E22A634492F6}
		{953ED9AA-E61E-4B35-8FFA-DDFFDD8A6993} = {94329C75-EB8A-4359-ADD7-E22A634492F6}
		{E354A7D9-ABD6-426D-9877-96E90D8FE57A} = {94329C75-EB8A-4359-ADD7-E22A634492F6}
	EndGlobalSection
EndGlobal
